
Microsoft Visual Studio Solution File, Format Version 12.00
# Visual Studio Version 17
VisualStudioVersion = 17.2.32630.192
MinimumVisualStudioVersion = 10.0.40219.1
Project("{FAE04EC0-301F-11D3-BF4B-00C04F79EFBC}") = "AVUSR", "Automatic VU Server Restarter\AVUSR.csproj", "{2CCAD70D-41AC-41D2-98AE-A5B15C7C541F}"
EndProject
Global
	GlobalSection(SolutionConfigurationPlatforms) = preSolution
		Debug|Any CPU = Debug|Any CPU
		Release|Any CPU = Release|Any CPU
	EndGlobalSection
	GlobalSection(ProjectConfigurationPlatforms) = postSolution
		{2CCAD70D-41AC-41D2-98AE-A5B15C7C541F}.Debug|Any CPU.ActiveCfg = Debug|Any CPU
		{2CCAD70D-41AC-41D2-98AE-A5B15C7C541F}.Debug|Any CPU.Build.0 = Debug|Any CPU
		{2CCAD70D-41AC-41D2-98AE-A5B15C7C541F}.Release|Any CPU.ActiveCfg = Release|Any CPU
		{2CCAD70D-41AC-41D2-98AE-A5B15C7C541F}.Release|Any CPU.Build.0 = Release|Any CPU
	EndGlobalSection
	GlobalSection(SolutionProperties) = preSolution
		HideSolutionNode = FALSE
	EndGlobalSection
	GlobalSection(ExtensibilityGlobals) = postSolution
		SolutionGuid = {38F18961-C867-4905-80A5-0E73BAA12D50}
	EndGlobalSection
EndGlobal
